
Microsoft Visual Studio Solution File, Format Version 12.00
# Visual Studio Version 16
VisualStudioVersion = 16.0.29806.167
MinimumVisualStudioVersion = 10.0.40219.1
Project("{FAE04EC0-301F-11D3-BF4B-00C04F79EFBC}") = "Sol_Demo", "Sol_Demo\Sol_Demo.csproj", "{6C31154E-CF81-41B7-83D8-31FFF5F08B20}"
EndProject
Global
	GlobalSection(SolutionConfigurationPlatforms) = preSolution
		Debug|Any CPU = Debug|Any CPU
		Release|Any CPU = Release|Any CPU
	EndGlobalSection
	GlobalSection(ProjectConfigurationPlatforms) = postSolution
		{6C31154E-CF81-41B7-83D8-31FFF5F08B20}.Debug|Any CPU.ActiveCfg = Debug|Any CPU
		{6C31154E-CF81-41B7-83D8-31FFF5F08B20}.Debug|Any CPU.Build.0 = Debug|Any CPU
		{6C31154E-CF81-41B7-83D8-31FFF5F08B20}.Release|Any CPU.ActiveCfg = Release|Any CPU
		{6C31154E-CF81-41B7-83D8-31FFF5F08B20}.Release|Any CPU.Build.0 = Release|Any CPU
	EndGlobalSection
	GlobalSection(SolutionProperties) = preSolution
		HideSolutionNode = FALSE
	EndGlobalSection
	GlobalSection(ExtensibilityGlobals) = postSolution
		SolutionGuid = {00D4121B-7176-4BF4-AD83-6CE9F9E17562}
	EndGlobalSection
EndGlobal
